
Microsoft Visual Studio Solution File, Format Version 12.00
# Visual Studio Version 17
VisualStudioVersion = 17.9.34622.214
MinimumVisualStudioVersion = 10.0.40219.1
Project("{FAE04EC0-301F-11D3-BF4B-00C04F79EFBC}") = "laba11", "laba11\laba11.csproj", "{6BE086E7-EFA5-438E-90E4-E8733B0AF09D}"
EndProject
Global
	GlobalSection(SolutionConfigurationPlatforms) = preSolution
		Debug|Any CPU = Debug|Any CPU
		Release|Any CPU = Release|Any CPU
	EndGlobalSection
	GlobalSection(ProjectConfigurationPlatforms) = postSolution
		{6BE086E7-EFA5-438E-90E4-E8733B0AF09D}.Debug|Any CPU.ActiveCfg = Debug|Any CPU
		{6BE086E7-EFA5-438E-90E4-E8733B0AF09D}.Debug|Any CPU.Build.0 = Debug|Any CPU
		{6BE086E7-EFA5-438E-90E4-E8733B0AF09D}.Release|Any CPU.ActiveCfg = Release|Any CPU
		{6BE086E7-EFA5-438E-90E4-E8733B0AF09D}.Release|Any CPU.Build.0 = Release|Any CPU
	EndGlobalSection
	GlobalSection(SolutionProperties) = preSolution
		HideSolutionNode = FALSE
	EndGlobalSection
	GlobalSection(ExtensibilityGlobals) = postSolution
		SolutionGuid = {46ED8ACF-8ADE-4D40-88AB-60783F5FC9A8}
	EndGlobalSection
EndGlobal
