
Microsoft Visual Studio Solution File, Format Version 12.00
# Visual Studio Version 17
VisualStudioVersion = 17.9.34622.214
MinimumVisualStudioVersion = 10.0.40219.1
Project("{FAE04EC0-301F-11D3-BF4B-00C04F79EFBC}") = "8laba", "8laba\8laba.csproj", "{39FBA1E2-0185-417A-9D85-73DACEA52AD7}"
EndProject
Global
	GlobalSection(SolutionConfigurationPlatforms) = preSolution
		Debug|Any CPU = Debug|Any CPU
		Release|Any CPU = Release|Any CPU
	EndGlobalSection
	GlobalSection(ProjectConfigurationPlatforms) = postSolution
		{39FBA1E2-0185-417A-9D85-73DACEA52AD7}.Debug|Any CPU.ActiveCfg = Debug|Any CPU
		{39FBA1E2-0185-417A-9D85-73DACEA52AD7}.Debug|Any CPU.Build.0 = Debug|Any CPU
		{39FBA1E2-0185-417A-9D85-73DACEA52AD7}.Release|Any CPU.ActiveCfg = Release|Any CPU
		{39FBA1E2-0185-417A-9D85-73DACEA52AD7}.Release|Any CPU.Build.0 = Release|Any CPU
	EndGlobalSection
	GlobalSection(SolutionProperties) = preSolution
		HideSolutionNode = FALSE
	EndGlobalSection
	GlobalSection(ExtensibilityGlobals) = postSolution
		SolutionGuid = {0EAA755C-D06E-4F43-ACBF-93A3D8BCEC92}
	EndGlobalSection
EndGlobal
